
Microsoft Visual Studio Solution File, Format Version 12.00
# Visual Studio Version 17
VisualStudioVersion = 17.2.32516.85
MinimumVisualStudioVersion = 10.0.40219.1
Project("{9A19103F-16F7-4668-BE54-9A1E7A4F7556}") = "Bank.Domain", "Bank.Domain\Bank.Domain.csproj", "{24B43B2D-03C1-4F02-A9A1-8EF4BD813873}"
EndProject
Project("{9A19103F-16F7-4668-BE54-9A1E7A4F7556}") = "Bank.Application", "Bank.Application\Bank.Application.csproj", "{5FCE0F18-4668-4E7F-8472-252848D2CAD2}"
EndProject
Project("{9A19103F-16F7-4668-BE54-9A1E7A4F7556}") = "Bank.Infra.Data", "Bank.InfraData\Bank.Infra.Data.csproj", "{F861488A-CA92-428B-8A56-635885724482}"
EndProject
Project("{9A19103F-16F7-4668-BE54-9A1E7A4F7556}") = "Bank.IoC", "Bank.IoC\Bank.IoC.csproj", "{15F81A82-FC41-40BD-8F0A-7B255EAE2425}"
EndProject
Project("{9A19103F-16F7-4668-BE54-9A1E7A4F7556}") = "Bank.WebApi", "Bank.WebApi\Bank.WebApi.csproj", "{F6EF71B2-217F-4F01-894D-B50AD78E2E56}"
EndProject
Project("{9A19103F-16F7-4668-BE54-9A1E7A4F7556}") = "Bank.Test", "Bank.Test\Bank.Test.csproj", "{CE3AAEE3-ABB5-46CD-B304-088AFABE5418}"
EndProject
Project("{2150E333-8FDC-42A3-9474-1A3956D46DE8}") = "Core", "Core", "{9AC38F57-222D-4BF4-966B-DEAF3A4B0559}"
EndProject
Project("{2150E333-8FDC-42A3-9474-1A3956D46DE8}") = "Application", "Application", "{E393A43E-1E72-4DDF-BCBE-0CF4675F545B}"
EndProject
Project("{2150E333-8FDC-42A3-9474-1A3956D46DE8}") = "InfraStructure", "InfraStructure", "{65D7D631-0742-49AB-8265-402E88780D8F}"
EndProject
Project("{2150E333-8FDC-42A3-9474-1A3956D46DE8}") = "Tests", "Tests", "{B981AE82-ACCD-40E0-B5C0-904AD1B4AAD4}"
EndProject
Project("{2150E333-8FDC-42A3-9474-1A3956D46DE8}") = "web", "web", "{CAC07917-7B9A-48F2-88CF-8618B35C5EAC}"
EndProject
Global
	GlobalSection(SolutionConfigurationPlatforms) = preSolution
		Debug|Any CPU = Debug|Any CPU
		Release|Any CPU = Release|Any CPU
	EndGlobalSection
	GlobalSection(ProjectConfigurationPlatforms) = postSolution
		{24B43B2D-03C1-4F02-A9A1-8EF4BD813873}.Debug|Any CPU.ActiveCfg = Debug|Any CPU
		{24B43B2D-03C1-4F02-A9A1-8EF4BD813873}.Debug|Any CPU.Build.0 = Debug|Any CPU
		{24B43B2D-03C1-4F02-A9A1-8EF4BD813873}.Release|Any CPU.ActiveCfg = Release|Any CPU
		{24B43B2D-03C1-4F02-A9A1-8EF4BD813873}.Release|Any CPU.Build.0 = Release|Any CPU
		{5FCE0F18-4668-4E7F-8472-252848D2CAD2}.Debug|Any CPU.ActiveCfg = Debug|Any CPU
		{5FCE0F18-4668-4E7F-8472-252848D2CAD2}.Debug|Any CPU.Build.0 = Debug|Any CPU
		{5FCE0F18-4668-4E7F-8472-252848D2CAD2}.Release|Any CPU.ActiveCfg = Release|Any CPU
		{5FCE0F18-4668-4E7F-8472-252848D2CAD2}.Release|Any CPU.Build.0 = Release|Any CPU
		{F861488A-CA92-428B-8A56-635885724482}.Debug|Any CPU.ActiveCfg = Debug|Any CPU
		{F861488A-CA92-428B-8A56-635885724482}.Debug|Any CPU.Build.0 = Debug|Any CPU
		{F861488A-CA92-428B-8A56-635885724482}.Release|Any CPU.ActiveCfg = Release|Any CPU
		{F861488A-CA92-428B-8A56-635885724482}.Release|Any CPU.Build.0 = Release|Any CPU
		{15F81A82-FC41-40BD-8F0A-7B255EAE2425}.Debug|Any CPU.ActiveCfg = Debug|Any CPU
		{15F81A82-FC41-40BD-8F0A-7B255EAE2425}.Debug|Any CPU.Build.0 = Debug|Any CPU
		{15F81A82-FC41-40BD-8F0A-7B255EAE2425}.Release|Any CPU.ActiveCfg = Release|Any CPU
		{15F81A82-FC41-40BD-8F0A-7B255EAE2425}.Release|Any CPU.Build.0 = Release|Any CPU
		{F6EF71B2-217F-4F01-894D-B50AD78E2E56}.Debug|Any CPU.ActiveCfg = Debug|Any CPU
		{F6EF71B2-217F-4F01-894D-B50AD78E2E56}.Debug|Any CPU.Build.0 = Debug|Any CPU
		{F6EF71B2-217F-4F01-894D-B50AD78E2E56}.Release|Any CPU.ActiveCfg = Release|Any CPU
		{F6EF71B2-217F-4F01-894D-B50AD78E2E56}.Release|Any CPU.Build.0 = Release|Any CPU
		{CE3AAEE3-ABB5-46CD-B304-088AFABE5418}.Debug|Any CPU.ActiveCfg = Debug|Any CPU
		{CE3AAEE3-ABB5-46CD-B304-088AFABE5418}.Debug|Any CPU.Build.0 = Debug|Any CPU
		{CE3AAEE3-ABB5-46CD-B304-088AFABE5418}.Release|Any CPU.ActiveCfg = Release|Any CPU
		{CE3AAEE3-ABB5-46CD-B304-088AFABE5418}.Release|Any CPU.Build.0 = Release|Any CPU
	EndGlobalSection
	GlobalSection(SolutionProperties) = preSolution
		HideSolutionNode = FALSE
	EndGlobalSection
	GlobalSection(NestedProjects) = preSolution
		{24B43B2D-03C1-4F02-A9A1-8EF4BD813873} = {9AC38F57-222D-4BF4-966B-DEAF3A4B0559}
		{5FCE0F18-4668-4E7F-8472-252848D2CAD2} = {E393A43E-1E72-4DDF-BCBE-0CF4675F545B}
		{F861488A-CA92-428B-8A56-635885724482} = {65D7D631-0742-49AB-8265-402E88780D8F}
		{15F81A82-FC41-40BD-8F0A-7B255EAE2425} = {65D7D631-0742-49AB-8265-402E88780D8F}
		{F6EF71B2-217F-4F01-894D-B50AD78E2E56} = {CAC07917-7B9A-48F2-88CF-8618B35C5EAC}
		{CE3AAEE3-ABB5-46CD-B304-088AFABE5418} = {B981AE82-ACCD-40E0-B5C0-904AD1B4AAD4}
	EndGlobalSection
	GlobalSection(ExtensibilityGlobals) = postSolution
		SolutionGuid = {176422B8-C12F-42FC-B037-BF331B0F4D4E}
	EndGlobalSection
EndGlobal
